
Microsoft Visual Studio Solution File, Format Version 12.00
# Visual Studio Version 17
VisualStudioVersion = 17.9.34714.143
MinimumVisualStudioVersion = 10.0.40219.1
Project("{FAE04EC0-301F-11D3-BF4B-00C04F79EFBC}") = "MagazinDeFlori", "MagazinDeFlori\MagazinDeFlori.csproj", "{59D24108-58FA-4B7B-BD73-2222EA5B8544}"
EndProject
Global
	GlobalSection(SolutionConfigurationPlatforms) = preSolution
		Debug|Any CPU = Debug|Any CPU
		Release|Any CPU = Release|Any CPU
	EndGlobalSection
	GlobalSection(ProjectConfigurationPlatforms) = postSolution
		{59D24108-58FA-4B7B-BD73-2222EA5B8544}.Debug|Any CPU.ActiveCfg = Debug|Any CPU
		{59D24108-58FA-4B7B-BD73-2222EA5B8544}.Debug|Any CPU.Build.0 = Debug|Any CPU
		{59D24108-58FA-4B7B-BD73-2222EA5B8544}.Release|Any CPU.ActiveCfg = Release|Any CPU
		{59D24108-58FA-4B7B-BD73-2222EA5B8544}.Release|Any CPU.Build.0 = Release|Any CPU
	EndGlobalSection
	GlobalSection(SolutionProperties) = preSolution
		HideSolutionNode = FALSE
	EndGlobalSection
	GlobalSection(ExtensibilityGlobals) = postSolution
		SolutionGuid = {AB107579-8C0A-4A4A-B96A-4E77308216A3}
	EndGlobalSection
EndGlobal
